
Microsoft Visual Studio Solution File, Format Version 12.00
# Visual Studio Version 16
VisualStudioVersion = 16.6.30114.105
MinimumVisualStudioVersion = 10.0.40219.1
Project("{FAE04EC0-301F-11D3-BF4B-00C04F79EFBC}") = "Lib", "Lib\Lib.csproj", "{C17D2054-7DAD-423E-9C85-B885B6892FF1}"
EndProject
Project("{FAE04EC0-301F-11D3-BF4B-00C04F79EFBC}") = "Web", "Web\Web.csproj", "{7C3E67C6-075A-49DF-9D47-E3693F8B6BD1}"
EndProject
Project("{FAE04EC0-301F-11D3-BF4B-00C04F79EFBC}") = "Test", "Test\Test.csproj", "{1D7F635E-BDFE-436E-95B1-6587C6C56EBC}"
EndProject
Global
	GlobalSection(SolutionConfigurationPlatforms) = preSolution
		Debug|Any CPU = Debug|Any CPU
		Debug|x64 = Debug|x64
		Debug|x86 = Debug|x86
		Release|Any CPU = Release|Any CPU
		Release|x64 = Release|x64
		Release|x86 = Release|x86
	EndGlobalSection
	GlobalSection(SolutionProperties) = preSolution
		HideSolutionNode = FALSE
	EndGlobalSection
	GlobalSection(ProjectConfigurationPlatforms) = postSolution
		{C17D2054-7DAD-423E-9C85-B885B6892FF1}.Debug|Any CPU.ActiveCfg = Debug|Any CPU
		{C17D2054-7DAD-423E-9C85-B885B6892FF1}.Debug|Any CPU.Build.0 = Debug|Any CPU
		{C17D2054-7DAD-423E-9C85-B885B6892FF1}.Debug|x64.ActiveCfg = Debug|Any CPU
		{C17D2054-7DAD-423E-9C85-B885B6892FF1}.Debug|x64.Build.0 = Debug|Any CPU
		{C17D2054-7DAD-423E-9C85-B885B6892FF1}.Debug|x86.ActiveCfg = Debug|Any CPU
		{C17D2054-7DAD-423E-9C85-B885B6892FF1}.Debug|x86.Build.0 = Debug|Any CPU
		{C17D2054-7DAD-423E-9C85-B885B6892FF1}.Release|Any CPU.ActiveCfg = Release|Any CPU
		{C17D2054-7DAD-423E-9C85-B885B6892FF1}.Release|Any CPU.Build.0 = Release|Any CPU
		{C17D2054-7DAD-423E-9C85-B885B6892FF1}.Release|x64.ActiveCfg = Release|Any CPU
		{C17D2054-7DAD-423E-9C85-B885B6892FF1}.Release|x64.Build.0 = Release|Any CPU
		{C17D2054-7DAD-423E-9C85-B885B6892FF1}.Release|x86.ActiveCfg = Release|Any CPU
		{C17D2054-7DAD-423E-9C85-B885B6892FF1}.Release|x86.Build.0 = Release|Any CPU
		{7C3E67C6-075A-49DF-9D47-E3693F8B6BD1}.Debug|Any CPU.ActiveCfg = Debug|Any CPU
		{7C3E67C6-075A-49DF-9D47-E3693F8B6BD1}.Debug|Any CPU.Build.0 = Debug|Any CPU
		{7C3E67C6-075A-49DF-9D47-E3693F8B6BD1}.Debug|x64.ActiveCfg = Debug|Any CPU
		{7C3E67C6-075A-49DF-9D47-E3693F8B6BD1}.Debug|x64.Build.0 = Debug|Any CPU
		{7C3E67C6-075A-49DF-9D47-E3693F8B6BD1}.Debug|x86.ActiveCfg = Debug|Any CPU
		{7C3E67C6-075A-49DF-9D47-E3693F8B6BD1}.Debug|x86.Build.0 = Debug|Any CPU
		{7C3E67C6-075A-49DF-9D47-E3693F8B6BD1}.Release|Any CPU.ActiveCfg = Release|Any CPU
		{7C3E67C6-075A-49DF-9D47-E3693F8B6BD1}.Release|Any CPU.Build.0 = Release|Any CPU
		{7C3E67C6-075A-49DF-9D47-E3693F8B6BD1}.Release|x64.ActiveCfg = Release|Any CPU
		{7C3E67C6-075A-49DF-9D47-E3693F8B6BD1}.Release|x64.Build.0 = Release|Any CPU
		{7C3E67C6-075A-49DF-9D47-E3693F8B6BD1}.Release|x86.ActiveCfg = Release|Any CPU
		{7C3E67C6-075A-49DF-9D47-E3693F8B6BD1}.Release|x86.Build.0 = Release|Any CPU
		{1D7F635E-BDFE-436E-95B1-6587C6C56EBC}.Debug|Any CPU.ActiveCfg = Debug|Any CPU
		{1D7F635E-BDFE-436E-95B1-6587C6C56EBC}.Debug|Any CPU.Build.0 = Debug|Any CPU
		{1D7F635E-BDFE-436E-95B1-6587C6C56EBC}.Debug|x64.ActiveCfg = Debug|Any CPU
		{1D7F635E-BDFE-436E-95B1-6587C6C56EBC}.Debug|x64.Build.0 = Debug|Any CPU
		{1D7F635E-BDFE-436E-95B1-6587C6C56EBC}.Debug|x86.ActiveCfg = Debug|Any CPU
		{1D7F635E-BDFE-436E-95B1-6587C6C56EBC}.Debug|x86.Build.0 = Debug|Any CPU
		{1D7F635E-BDFE-436E-95B1-6587C6C56EBC}.Release|Any CPU.ActiveCfg = Release|Any CPU
		{1D7F635E-BDFE-436E-95B1-6587C6C56EBC}.Release|Any CPU.Build.0 = Release|Any CPU
		{1D7F635E-BDFE-436E-95B1-6587C6C56EBC}.Release|x64.ActiveCfg = Release|Any CPU
		{1D7F635E-BDFE-436E-95B1-6587C6C56EBC}.Release|x64.Build.0 = Release|Any CPU
		{1D7F635E-BDFE-436E-95B1-6587C6C56EBC}.Release|x86.ActiveCfg = Release|Any CPU
		{1D7F635E-BDFE-436E-95B1-6587C6C56EBC}.Release|x86.Build.0 = Release|Any CPU
	EndGlobalSection
EndGlobal
